
Microsoft Visual Studio Solution File, Format Version 12.00
# Visual Studio Version 16
VisualStudioVersion = 16.0.34601.136
MinimumVisualStudioVersion = 10.0.40219.1
Project("{FAE04EC0-301F-11D3-BF4B-00C04F79EFBC}") = "E_Trading_System", "E_Trading_System.csproj", "{1988C1B7-4822-41A2-A5F8-2DF3B4DD9E99}"
EndProject
Global
	GlobalSection(SolutionConfigurationPlatforms) = preSolution
		Debug|Any CPU = Debug|Any CPU
		Release|Any CPU = Release|Any CPU
	EndGlobalSection
	GlobalSection(ProjectConfigurationPlatforms) = postSolution
		{1988C1B7-4822-41A2-A5F8-2DF3B4DD9E99}.Debug|Any CPU.ActiveCfg = Debug|Any CPU
		{1988C1B7-4822-41A2-A5F8-2DF3B4DD9E99}.Debug|Any CPU.Build.0 = Debug|Any CPU
		{1988C1B7-4822-41A2-A5F8-2DF3B4DD9E99}.Release|Any CPU.ActiveCfg = Release|Any CPU
		{1988C1B7-4822-41A2-A5F8-2DF3B4DD9E99}.Release|Any CPU.Build.0 = Release|Any CPU
	EndGlobalSection
	GlobalSection(SolutionProperties) = preSolution
		HideSolutionNode = FALSE
	EndGlobalSection
	GlobalSection(ExtensibilityGlobals) = postSolution
		SolutionGuid = {BBB63E6A-A2BE-4095-870D-1A85143EEEF0}
	EndGlobalSection
EndGlobal
